// !$*UTF8*$!
{
	archiveVersion = 1;
	classes = {
	};
	objectVersion = 46;
	objects = {

/* Begin PBXBuildFile section */
		7E247BC51ED7AF89006DDE94 /* main.m in Sources */ = {isa = PBXBuildFile; fileRef = 7E247BC41ED7AF89006DDE94 /* main.m */; };
		7E247BC81ED7AF89006DDE94 /* AppDelegate.m in Sources */ = {isa = PBXBuildFile; fileRef = 7E247BC71ED7AF89006DDE94 /* AppDelegate.m */; };
		7E247BCB1ED7AF89006DDE94 /* ViewController.m in Sources */ = {isa = PBXBuildFile; fileRef = 7E247BCA1ED7AF89006DDE94 /* ViewController.m */; };
		7E247BCE1ED7AF89006DDE94 /* Main.storyboard in Resources */ = {isa = PBXBuildFile; fileRef = 7E247BCC1ED7AF89006DDE94 /* Main.storyboard */; };
		7E247BD01ED7AF89006DDE94 /* Assets.xcassets in Resources */ = {isa = PBXBuildFile; fileRef = 7E247BCF1ED7AF89006DDE94 /* Assets.xcassets */; };
		7E247BD31ED7AF89006DDE94 /* LaunchScreen.storyboard in Resources */ = {isa = PBXBuildFile; fileRef = 7E247BD11ED7AF89006DDE94 /* LaunchScreen.storyboard */; };
		7E247BDE1ED7AF89006DDE94 /* Swizzle____Tests.m in Sources */ = {isa = PBXBuildFile; fileRef = 7E247BDD1ED7AF89006DDE94 /* Swizzle____Tests.m */; };
		7E247BE91ED7AF89006DDE94 /* Swizzle____UITests.m in Sources */ = {isa = PBXBuildFile; fileRef = 7E247BE81ED7AF89006DDE94 /* Swizzle____UITests.m */; };
		7E247BFB1ED7B95E006DDE94 /* SecondController.m in Sources */ = {isa = PBXBuildFile; fileRef = 7E247BFA1ED7B95E006DDE94 /* SecondController.m */; };
		7E247C001ED7BC40006DDE94 /* SecondController+swizzle.m in Sources */ = {isa = PBXBuildFile; fileRef = 7E247BFF1ED7BC40006DDE94 /* SecondController+swizzle.m */; };
		7E247C031ED7C380006DDE94 /* ParentSecondController.m in Sources */ = {isa = PBXBuildFile; fileRef = 7E247C021ED7C380006DDE94 /* ParentSecondController.m */; };
		7E247C061ED7C554006DDE94 /* GrandParentViewController.m in Sources */ = {isa = PBXBuildFile; fileRef = 7E247C051ED7C554006DDE94 /* GrandParentViewController.m */; };
/* End PBXBuildFile section */

/* Begin PBXContainerItemProxy section */
		7E247BDA1ED7AF89006DDE94 /* PBXContainerItemProxy */ = {
			isa = PBXContainerItemProxy;
			containerPortal = 7E247BB81ED7AF89006DDE94 /* Project object */;
			proxyType = 1;
			remoteGlobalIDString = 7E247BBF1ED7AF89006DDE94;
			remoteInfo = "Swizzle方法实现";
		};
		7E247BE51ED7AF89006DDE94 /* PBXContainerItemProxy */ = {
			isa = PBXContainerItemProxy;
			containerPortal = 7E247BB81ED7AF89006DDE94 /* Project object */;
			proxyType = 1;
			remoteGlobalIDString = 7E247BBF1ED7AF89006DDE94;
			remoteInfo = "Swizzle方法实现";
		};
/* End PBXContainerItemProxy section */

/* Begin PBXFileReference section */
		7E247BC01ED7AF89006DDE94 /* Swizzle方法实现.app */ = {isa = PBXFileReference; explicitFileType = wrapper.application; includeInIndex = 0; path = "Swizzle方法实现.app"; sourceTree = BUILT_PRODUCTS_DIR; };
		7E247BC41ED7AF89006DDE94 /* main.m */ = {isa = PBXFileReference; lastKnownFileType = sourcecode.c.objc; path = main.m; sourceTree = "<group>"; };
		7E247BC61ED7AF89006DDE94 /* AppDelegate.h */ = {isa = PBXFileReference; lastKnownFileType = sourcecode.c.h; path = AppDelegate.h; sourceTree = "<group>"; };
		7E247BC71ED7AF89006DDE94 /* AppDelegate.m */ = {isa = PBXFileReference; lastKnownFileType = sourcecode.c.objc; path = AppDelegate.m; sourceTree = "<group>"; };
		7E247BC91ED7AF89006DDE94 /* ViewController.h */ = {isa = PBXFileReference; lastKnownFileType = sourcecode.c.h; path = ViewController.h; sourceTree = "<group>"; };
		7E247BCA1ED7AF89006DDE94 /* ViewController.m */ = {isa = PBXFileReference; lastKnownFileType = sourcecode.c.objc; path = ViewController.m; sourceTree = "<group>"; };
		7E247BCD1ED7AF89006DDE94 /* Base */ = {isa = PBXFileReference; lastKnownFileType = file.storyboard; name = Base; path = Base.lproj/Main.storyboard; sourceTree = "<group>"; };
		7E247BCF1ED7AF89006DDE94 /* Assets.xcassets */ = {isa = PBXFileReference; lastKnownFileType = folder.assetcatalog; path = Assets.xcassets; sourceTree = "<group>"; };
		7E247BD21ED7AF89006DDE94 /* Base */ = {isa = PBXFileReference; lastKnownFileType = file.storyboard; name = Base; path = Base.lproj/LaunchScreen.storyboard; sourceTree = "<group>"; };
		7E247BD41ED7AF89006DDE94 /* Info.plist */ = {isa = PBXFileReference; lastKnownFileType = text.plist.xml; path = Info.plist; sourceTree = "<group>"; };
		7E247BD91ED7AF89006DDE94 /* Swizzle方法实现Tests.xctest */ = {isa = PBXFileReference; explicitFileType = wrapper.cfbundle; includeInIndex = 0; path = "Swizzle方法实现Tests.xctest"; sourceTree = BUILT_PRODUCTS_DIR; };
		7E247BDD1ED7AF89006DDE94 /* Swizzle____Tests.m */ = {isa = PBXFileReference; lastKnownFileType = sourcecode.c.objc; path = "Swizzle____Tests.m"; sourceTree = "<group>"; };
		7E247BDF1ED7AF89006DDE94 /* Info.plist */ = {isa = PBXFileReference; lastKnownFileType = text.plist.xml; path = Info.plist; sourceTree = "<group>"; };
		7E247BE41ED7AF89006DDE94 /* Swizzle方法实现UITests.xctest */ = {isa = PBXFileReference; explicitFileType = wrapper.cfbundle; includeInIndex = 0; path = "Swizzle方法实现UITests.xctest"; sourceTree = BUILT_PRODUCTS_DIR; };
		7E247BE81ED7AF89006DDE94 /* Swizzle____UITests.m */ = {isa = PBXFileReference; lastKnownFileType = sourcecode.c.objc; path = "Swizzle____UITests.m"; sourceTree = "<group>"; };
		7E247BEA1ED7AF89006DDE94 /* Info.plist */ = {isa = PBXFileReference; lastKnownFileType = text.plist.xml; path = Info.plist; sourceTree = "<group>"; };
		7E247BF91ED7B95E006DDE94 /* SecondController.h */ = {isa = PBXFileReference; fileEncoding = 4; lastKnownFileType = sourcecode.c.h; path = SecondController.h; sourceTree = "<group>"; };
		7E247BFA1ED7B95E006DDE94 /* SecondController.m */ = {isa = PBXFileReference; fileEncoding = 4; lastKnownFileType = sourcecode.c.objc; path = SecondController.m; sourceTree = "<group>"; };
		7E247BFE1ED7BC40006DDE94 /* SecondController+swizzle.h */ = {isa = PBXFileReference; fileEncoding = 4; lastKnownFileType = sourcecode.c.h; path = "SecondController+swizzle.h"; sourceTree = "<group>"; };
		7E247BFF1ED7BC40006DDE94 /* SecondController+swizzle.m */ = {isa = PBXFileReference; fileEncoding = 4; lastKnownFileType = sourcecode.c.objc; path = "SecondController+swizzle.m"; sourceTree = "<group>"; };
		7E247C011ED7C380006DDE94 /* ParentSecondController.h */ = {isa = PBXFileReference; fileEncoding = 4; lastKnownFileType = sourcecode.c.h; path = ParentSecondController.h; sourceTree = "<group>"; };
		7E247C021ED7C380006DDE94 /* ParentSecondController.m */ = {isa = PBXFileReference; fileEncoding = 4; lastKnownFileType = sourcecode.c.objc; path = ParentSecondController.m; sourceTree = "<group>"; };
		7E247C041ED7C554006DDE94 /* GrandParentViewController.h */ = {isa = PBXFileReference; fileEncoding = 4; lastKnownFileType = sourcecode.c.h; path = GrandParentViewController.h; sourceTree = "<group>"; };
		7E247C051ED7C554006DDE94 /* GrandParentViewController.m */ = {isa = PBXFileReference; fileEncoding = 4; lastKnownFileType = sourcecode.c.objc; path = GrandParentViewController.m; sourceTree = "<group>"; };
/* End PBXFileReference section */

/* Begin PBXFrameworksBuildPhase section */
		7E247BBD1ED7AF89006DDE94 /* Frameworks */ = {
			isa = PBXFrameworksBuildPhase;
			buildActionMask = 2147483647;
			files = (
			);
			runOnlyForDeploymentPostprocessing = 0;
		};
		7E247BD61ED7AF89006DDE94 /* Frameworks */ = {
			isa = PBXFrameworksBuildPhase;
			buildActionMask = 2147483647;
			files = (
			);
			runOnlyForDeploymentPostprocessing = 0;
		};
		7E247BE11ED7AF89006DDE94 /* Frameworks */ = {
			isa = PBXFrameworksBuildPhase;
			buildActionMask = 2147483647;
			files = (
			);
			runOnlyForDeploymentPostprocessing = 0;
		};
/* End PBXFrameworksBuildPhase section */

/* Begin PBXGroup section */
		7E247BB71ED7AF89006DDE94 = {
			isa = PBXGroup;
			children = (
				7E247BC21ED7AF89006DDE94 /* Swizzle方法实现 */,
				7E247BDC1ED7AF89006DDE94 /* Swizzle方法实现Tests */,
				7E247BE71ED7AF89006DDE94 /* Swizzle方法实现UITests */,
				7E247BC11ED7AF89006DDE94 /* Products */,
			);
			sourceTree = "<group>";
		};
		7E247BC11ED7AF89006DDE94 /* Products */ = {
			isa = PBXGroup;
			children = (
				7E247BC01ED7AF89006DDE94 /* Swizzle方法实现.app */,
				7E247BD91ED7AF89006DDE94 /* Swizzle方法实现Tests.xctest */,
				7E247BE41ED7AF89006DDE94 /* Swizzle方法实现UITests.xctest */,
			);
			name = Products;
			sourceTree = "<group>";
		};
		7E247BC21ED7AF89006DDE94 /* Swizzle方法实现 */ = {
			isa = PBXGroup;
			children = (
				7E247BC61ED7AF89006DDE94 /* AppDelegate.h */,
				7E247BC71ED7AF89006DDE94 /* AppDelegate.m */,
				7E247BC91ED7AF89006DDE94 /* ViewController.h */,
				7E247BCA1ED7AF89006DDE94 /* ViewController.m */,
				7E247C041ED7C554006DDE94 /* GrandParentViewController.h */,
				7E247C051ED7C554006DDE94 /* GrandParentViewController.m */,
				7E247C011ED7C380006DDE94 /* ParentSecondController.h */,
				7E247C021ED7C380006DDE94 /* ParentSecondController.m */,
				7E247BFE1ED7BC40006DDE94 /* SecondController+swizzle.h */,
				7E247BFF1ED7BC40006DDE94 /* SecondController+swizzle.m */,
				7E247BF91ED7B95E006DDE94 /* SecondController.h */,
				7E247BFA1ED7B95E006DDE94 /* SecondController.m */,
				7E247BCC1ED7AF89006DDE94 /* Main.storyboard */,
				7E247BCF1ED7AF89006DDE94 /* Assets.xcassets */,
				7E247BD11ED7AF89006DDE94 /* LaunchScreen.storyboard */,
				7E247BD41ED7AF89006DDE94 /* Info.plist */,
				7E247BC31ED7AF89006DDE94 /* Supporting Files */,
			);
			path = "Swizzle方法实现";
			sourceTree = "<group>";
		};
		7E247BC31ED7AF89006DDE94 /* Supporting Files */ = {
			isa = PBXGroup;
			children = (
				7E247BC41ED7AF89006DDE94 /* main.m */,
			);
			name = "Supporting Files";
			sourceTree = "<group>";
		};
		7E247BDC1ED7AF89006DDE94 /* Swizzle方法实现Tests */ = {
			isa = PBXGroup;
			children = (
				7E247BDD1ED7AF89006DDE94 /* Swizzle____Tests.m */,
				7E247BDF1ED7AF89006DDE94 /* Info.plist */,
			);
			path = "Swizzle方法实现Tests";
			sourceTree = "<group>";
		};
		7E247BE71ED7AF89006DDE94 /* Swizzle方法实现UITests */ = {
			isa = PBXGroup;
			children = (
				7E247BE81ED7AF89006DDE94 /* Swizzle____UITests.m */,
				7E247BEA1ED7AF89006DDE94 /* Info.plist */,
			);
			path = "Swizzle方法实现UITests";
			sourceTree = "<group>";
		};
/* End PBXGroup section */

/* Begin PBXNativeTarget section */
		7E247BBF1ED7AF89006DDE94 /* Swizzle方法实现 */ = {
			isa = PBXNativeTarget;
			buildConfigurationList = 7E247BED1ED7AF89006DDE94 /* Build configuration list for PBXNativeTarget "Swizzle方法实现" */;
			buildPhases = (
				7E247BBC1ED7AF89006DDE94 /* Sources */,
				7E247BBD1ED7AF89006DDE94 /* Frameworks */,
				7E247BBE1ED7AF89006DDE94 /* Resources */,
			);
			buildRules = (
			);
			dependencies = (
			);
			name = "Swizzle方法实现";
			productName = "Swizzle方法实现";
			productReference = 7E247BC01ED7AF89006DDE94 /* Swizzle方法实现.app */;
			productType = "com.apple.product-type.application";
		};
		7E247BD81ED7AF89006DDE94 /* Swizzle方法实现Tests */ = {
			isa = PBXNativeTarget;
			buildConfigurationList = 7E247BF01ED7AF89006DDE94 /* Build configuration list for PBXNativeTarget "Swizzle方法实现Tests" */;
			buildPhases = (
				7E247BD51ED7AF89006DDE94 /* Sources */,
				7E247BD61ED7AF89006DDE94 /* Frameworks */,
				7E247BD71ED7AF89006DDE94 /* Resources */,
			);
			buildRules = (
			);
			dependencies = (
				7E247BDB1ED7AF89006DDE94 /* PBXTargetDependency */,
			);
			name = "Swizzle方法实现Tests";
			productName = "Swizzle方法实现Tests";
			productReference = 7E247BD91ED7AF89006DDE94 /* Swizzle方法实现Tests.xctest */;
			productType = "com.apple.product-type.bundle.unit-test";
		};
		7E247BE31ED7AF89006DDE94 /* Swizzle方法实现UITests */ = {
			isa = PBXNativeTarget;
			buildConfigurationList = 7E247BF31ED7AF89006DDE94 /* Build configuration list for PBXNativeTarget "Swizzle方法实现UITests" */;
			buildPhases = (
				7E247BE01ED7AF89006DDE94 /* Sources */,
				7E247BE11ED7AF89006DDE94 /* Frameworks */,
				7E247BE21ED7AF89006DDE94 /* Resources */,
			);
			buildRules = (
			);
			dependencies = (
				7E247BE61ED7AF89006DDE94 /* PBXTargetDependency */,
			);
			name = "Swizzle方法实现UITests";
			productName = "Swizzle方法实现UITests";
			productReference = 7E247BE41ED7AF89006DDE94 /* Swizzle方法实现UITests.xctest */;
			productType = "com.apple.product-type.bundle.ui-testing";
		};
/* End PBXNativeTarget section */

/* Begin PBXProject section */
		7E247BB81ED7AF89006DDE94 /* Project object */ = {
			isa = PBXProject;
			attributes = {
				LastUpgradeCheck = 0830;
				ORGANIZATIONNAME = qwkj;
				TargetAttributes = {
					7E247BBF1ED7AF89006DDE94 = {
						CreatedOnToolsVersion = 8.3.2;
						DevelopmentTeam = DXY592L98C;
						ProvisioningStyle = Automatic;
					};
					7E247BD81ED7AF89006DDE94 = {
						CreatedOnToolsVersion = 8.3.2;
						DevelopmentTeam = DXY592L98C;
						ProvisioningStyle = Automatic;
						TestTargetID = 7E247BBF1ED7AF89006DDE94;
					};
					7E247BE31ED7AF89006DDE94 = {
						CreatedOnToolsVersion = 8.3.2;
						DevelopmentTeam = DXY592L98C;
						ProvisioningStyle = Automatic;
						TestTargetID = 7E247BBF1ED7AF89006DDE94;
					};
				};
			};
			buildConfigurationList = 7E247BBB1ED7AF89006DDE94 /* Build configuration list for PBXProject "Swizzle方法实现" */;
			compatibilityVersion = "Xcode 3.2";
			developmentRegion = English;
			hasScannedForEncodings = 0;
			knownRegions = (
				en,
				Base,
			);
			mainGroup = 7E247BB71ED7AF89006DDE94;
			productRefGroup = 7E247BC11ED7AF89006DDE94 /* Products */;
			projectDirPath = "";
			projectRoot = "";
			targets = (
				7E247BBF1ED7AF89006DDE94 /* Swizzle方法实现 */,
				7E247BD81ED7AF89006DDE94 /* Swizzle方法实现Tests */,
				7E247BE31ED7AF89006DDE94 /* Swizzle方法实现UITests */,
			);
		};
/* End PBXProject section */

/* Begin PBXResourcesBuildPhase section */
		7E247BBE1ED7AF89006DDE94 /* Resources */ = {
			isa = PBXResourcesBuildPhase;
			buildActionMask = 2147483647;
			files = (
				7E247BD31ED7AF89006DDE94 /* LaunchScreen.storyboard in Resources */,
				7E247BD01ED7AF89006DDE94 /* Assets.xcassets in Resources */,
				7E247BCE1ED7AF89006DDE94 /* Main.storyboard in Resources */,
			);
			runOnlyForDeploymentPostprocessing = 0;
		};
		7E247BD71ED7AF89006DDE94 /* Resources */ = {
			isa = PBXResourcesBuildPhase;
			buildActionMask = 2147483647;
			files = (
			);
			runOnlyForDeploymentPostprocessing = 0;
		};
		7E247BE21ED7AF89006DDE94 /* Resources */ = {
			isa = PBXResourcesBuildPhase;
			buildActionMask = 2147483647;
			files = (
			);
			runOnlyForDeploymentPostprocessing = 0;
		};
/* End PBXResourcesBuildPhase section */

/* Begin PBXSourcesBuildPhase section */
		7E247BBC1ED7AF89006DDE94 /* Sources */ = {
			isa = PBXSourcesBuildPhase;
			buildActionMask = 2147483647;
			files = (
				7E247C001ED7BC40006DDE94 /* SecondController+swizzle.m in Sources */,
				7E247BCB1ED7AF89006DDE94 /* ViewController.m in Sources */,
				7E247BFB1ED7B95E006DDE94 /* SecondController.m in Sources */,
				7E247C031ED7C380006DDE94 /* ParentSecondController.m in Sources */,
				7E247BC81ED7AF89006DDE94 /* AppDelegate.m in Sources */,
				7E247BC51ED7AF89006DDE94 /* main.m in Sources */,
				7E247C061ED7C554006DDE94 /* GrandParentViewController.m in Sources */,
			);
			runOnlyForDeploymentPostprocessing = 0;
		};
		7E247BD51ED7AF89006DDE94 /* Sources */ = {
			isa = PBXSourcesBuildPhase;
			buildActionMask = 2147483647;
			files = (
				7E247BDE1ED7AF89006DDE94 /* Swizzle____Tests.m in Sources */,
			);
			runOnlyForDeploymentPostprocessing = 0;
		};
		7E247BE01ED7AF89006DDE94 /* Sources */ = {
			isa = PBXSourcesBuildPhase;
			buildActionMask = 2147483647;
			files = (
				7E247BE91ED7AF89006DDE94 /* Swizzle____UITests.m in Sources */,
			);
			runOnlyForDeploymentPostprocessing = 0;
		};
/* End PBXSourcesBuildPhase section */

/* Begin PBXTargetDependency section */
		7E247BDB1ED7AF89006DDE94 /* PBXTargetDependency */ = {
			isa = PBXTargetDependency;
			target = 7E247BBF1ED7AF89006DDE94 /* Swizzle方法实现 */;
			targetProxy = 7E247BDA1ED7AF89006DDE94 /* PBXContainerItemProxy */;
		};
		7E247BE61ED7AF89006DDE94 /* PBXTargetDependency */ = {
			isa = PBXTargetDependency;
			target = 7E247BBF1ED7AF89006DDE94 /* Swizzle方法实现 */;
			targetProxy = 7E247BE51ED7AF89006DDE94 /* PBXContainerItemProxy */;
		};
/* End PBXTargetDependency section */

/* Begin PBXVariantGroup section */
		7E247BCC1ED7AF89006DDE94 /* Main.storyboard */ = {
			isa = PBXVariantGroup;
			children = (
				7E247BCD1ED7AF89006DDE94 /* Base */,
			);
			name = Main.storyboard;
			sourceTree = "<group>";
		};
		7E247BD11ED7AF89006DDE94 /* LaunchScreen.storyboard */ = {
			isa = PBXVariantGroup;
			children = (
				7E247BD21ED7AF89006DDE94 /* Base */,
			);
			name = LaunchScreen.storyboard;
			sourceTree = "<group>";
		};
/* End PBXVariantGroup section */

/* Begin XCBuildConfiguration section */
		7E247BEB1ED7AF89006DDE94 /* Debug */ = {
			isa = XCBuildConfiguration;
			buildSettings = {
				ALWAYS_SEARCH_USER_PATHS = NO;
				CLANG_ANALYZER_NONNULL = YES;
				CLANG_ANALYZER_NUMBER_OBJECT_CONVERSION = YES_AGGRESSIVE;
				CLANG_CXX_LANGUAGE_STANDARD = "gnu++0x";
				CLANG_CXX_LIBRARY = "libc++";
				CLANG_ENABLE_MODULES = YES;
				CLANG_ENABLE_OBJC_ARC = YES;
				CLANG_WARN_BOOL_CONVERSION = YES;
				CLANG_WARN_CONSTANT_CONVERSION = YES;
				CLANG_WARN_DIRECT_OBJC_ISA_USAGE = YES_ERROR;
				CLANG_WARN_DOCUMENTATION_COMMENTS = YES;
				CLANG_WARN_EMPTY_BODY = YES;
				CLANG_WARN_ENUM_CONVERSION = YES;
				CLANG_WARN_INFINITE_RECURSION = YES;
				CLANG_WARN_INT_CONVERSION = YES;
				CLANG_WARN_OBJC_ROOT_CLASS = YES_ERROR;
				CLANG_WARN_SUSPICIOUS_MOVE = YES;
				CLANG_WARN_UNREACHABLE_CODE = YES;
				CLANG_WARN__DUPLICATE_METHOD_MATCH = YES;
				"CODE_SIGN_IDENTITY[sdk=iphoneos*]" = "iPhone Developer";
				COPY_PHASE_STRIP = NO;
				DEBUG_INFORMATION_FORMAT = dwarf;
				ENABLE_STRICT_OBJC_MSGSEND = YES;
				ENABLE_TESTABILITY = YES;
				GCC_C_LANGUAGE_STANDARD = gnu99;
				GCC_DYNAMIC_NO_PIC = NO;
				GCC_NO_COMMON_BLOCKS = YES;
				GCC_OPTIMIZATION_LEVEL = 0;
				GCC_PREPROCESSOR_DEFINITIONS = (
					"DEBUG=1",
					"$(inherited)",
				);
				GCC_WARN_64_TO_32_BIT_CONVERSION = YES;
				GCC_WARN_ABOUT_RETURN_TYPE = YES_ERROR;
				GCC_WARN_UNDECLARED_SELECTOR = YES;
				GCC_WARN_UNINITIALIZED_AUTOS = YES_AGGRESSIVE;
				GCC_WARN_UNUSED_FUNCTION = YES;
				GCC_WARN_UNUSED_VARIABLE = YES;
				IPHONEOS_DEPLOYMENT_TARGET = 10.3;
				MTL_ENABLE_DEBUG_INFO = YES;
				ONLY_ACTIVE_ARCH = YES;
				SDKROOT = iphoneos;
				TARGETED_DEVICE_FAMILY = "1,2";
			};
			name = Debug;
		};
		7E247BEC1ED7AF89006DDE94 /* Release */ = {
			isa = XCBuildConfiguration;
			buildSettings = {
				ALWAYS_SEARCH_USER_PATHS = NO;
				CLANG_ANALYZER_NONNULL = YES;
				CLANG_ANALYZER_NUMBER_OBJECT_CONVERSION = YES_AGGRESSIVE;
				CLANG_CXX_LANGUAGE_STANDARD = "gnu++0x";
				CLANG_CXX_LIBRARY = "libc++";
				CLANG_ENABLE_MODULES = YES;
				CLANG_ENABLE_OBJC_ARC = YES;
				CLANG_WARN_BOOL_CONVERSION = YES;
				CLANG_WARN_CONSTANT_CONVERSION = YES;
				CLANG_WARN_DIRECT_OBJC_ISA_USAGE = YES_ERROR;
				CLANG_WARN_DOCUMENTATION_COMMENTS = YES;
				CLANG_WARN_EMPTY_BODY = YES;
				CLANG_WARN_ENUM_CONVERSION = YES;
				CLANG_WARN_INFINITE_RECURSION = YES;
				CLANG_WARN_INT_CONVERSION = YES;
				CLANG_WARN_OBJC_ROOT_CLASS = YES_ERROR;
				CLANG_WARN_SUSPICIOUS_MOVE = YES;
				CLANG_WARN_UNREACHABLE_CODE = YES;
				CLANG_WARN__DUPLICATE_METHOD_MATCH = YES;
				"CODE_SIGN_IDENTITY[sdk=iphoneos*]" = "iPhone Developer";
				COPY_PHASE_STRIP = NO;
				DEBUG_INFORMATION_FORMAT = "dwarf-with-dsym";
				ENABLE_NS_ASSERTIONS = NO;
				ENABLE_STRICT_OBJC_MSGSEND = YES;
				GCC_C_LANGUAGE_STANDARD = gnu99;
				GCC_NO_COMMON_BLOCKS = YES;
				GCC_WARN_64_TO_32_BIT_CONVERSION = YES;
				GCC_WARN_ABOUT_RETURN_TYPE = YES_ERROR;
				GCC_WARN_UNDECLARED_SELECTOR = YES;
				GCC_WARN_UNINITIALIZED_AUTOS = YES_AGGRESSIVE;
				GCC_WARN_UNUSED_FUNCTION = YES;
				GCC_WARN_UNUSED_VARIABLE = YES;
				IPHONEOS_DEPLOYMENT_TARGET = 10.3;
				MTL_ENABLE_DEBUG_INFO = NO;
				SDKROOT = iphoneos;
				TARGETED_DEVICE_FAMILY = "1,2";
				VALIDATE_PRODUCT = YES;
			};
			name = Release;
		};
		7E247BEE1ED7AF89006DDE94 /* Debug */ = {
			isa = XCBuildConfiguration;
			buildSettings = {
				ASSETCATALOG_COMPILER_APPICON_NAME = AppIcon;
				DEVELOPMENT_TEAM = DXY592L98C;
				INFOPLIST_FILE = "Swizzle方法实现/Info.plist";
				IPHONEOS_DEPLOYMENT_TARGET = 10.0;
				LD_RUNPATH_SEARCH_PATHS = "$(inherited) @executable_path/Frameworks";
				PRODUCT_BUNDLE_IDENTIFIER = "com.qwkj.EstateService.Swizzle----";
				PRODUCT_NAME = "$(TARGET_NAME)";
			};
			name = Debug;
		};
		7E247BEF1ED7AF89006DDE94 /* Release */ = {
			isa = XCBuildConfiguration;
			buildSettings = {
				ASSETCATALOG_COMPILER_APPICON_NAME = AppIcon;
				DEVELOPMENT_TEAM = DXY592L98C;
				INFOPLIST_FILE = "Swizzle方法实现/Info.plist";
				IPHONEOS_DEPLOYMENT_TARGET = 10.0;
				LD_RUNPATH_SEARCH_PATHS = "$(inherited) @executable_path/Frameworks";
				PRODUCT_BUNDLE_IDENTIFIER = "com.qwkj.EstateService.Swizzle----";
				PRODUCT_NAME = "$(TARGET_NAME)";
			};
			name = Release;
		};
		7E247BF11ED7AF89006DDE94 /* Debug */ = {
			isa = XCBuildConfiguration;
			buildSettings = {
				BUNDLE_LOADER = "$(TEST_HOST)";
				DEVELOPMENT_TEAM = DXY592L98C;
				INFOPLIST_FILE = "Swizzle方法实现Tests/Info.plist";
				LD_RUNPATH_SEARCH_PATHS = "$(inherited) @executable_path/Frameworks @loader_path/Frameworks";
				PRODUCT_BUNDLE_IDENTIFIER = "com.qwkj.EstateService.Swizzle----Tests";
				PRODUCT_NAME = "$(TARGET_NAME)";
				TEST_HOST = "$(BUILT_PRODUCTS_DIR)/Swizzle方法实现.app/Swizzle方法实现";
			};
			name = Debug;
		};
		7E247BF21ED7AF89006DDE94 /* Release */ = {
			isa = XCBuildConfiguration;
			buildSettings = {
				BUNDLE_LOADER = "$(TEST_HOST)";
				DEVELOPMENT_TEAM = DXY592L98C;
				INFOPLIST_FILE = "Swizzle方法实现Tests/Info.plist";
				LD_RUNPATH_SEARCH_PATHS = "$(inherited) @executable_path/Frameworks @loader_path/Frameworks";
				PRODUCT_BUNDLE_IDENTIFIER = "com.qwkj.EstateService.Swizzle----Tests";
				PRODUCT_NAME = "$(TARGET_NAME)";
				TEST_HOST = "$(BUILT_PRODUCTS_DIR)/Swizzle方法实现.app/Swizzle方法实现";
			};
			name = Release;
		};
		7E247BF41ED7AF89006DDE94 /* Debug */ = {
			isa = XCBuildConfiguration;
			buildSettings = {
				DEVELOPMENT_TEAM = DXY592L98C;
				INFOPLIST_FILE = "Swizzle方法实现UITests/Info.plist";
				LD_RUNPATH_SEARCH_PATHS = "$(inherited) @executable_path/Frameworks @loader_path/Frameworks";
				PRODUCT_BUNDLE_IDENTIFIER = "com.qwkj.EstateService.Swizzle----UITests";
				PRODUCT_NAME = "$(TARGET_NAME)";
				TEST_TARGET_NAME = "Swizzle方法实现";
			};
			name = Debug;
		};
		7E247BF51ED7AF89006DDE94 /* Release */ = {
			isa = XCBuildConfiguration;
			buildSettings = {
				DEVELOPMENT_TEAM = DXY592L98C;
				INFOPLIST_FILE = "Swizzle方法实现UITests/Info.plist";
				LD_RUNPATH_SEARCH_PATHS = "$(inherited) @executable_path/Frameworks @loader_path/Frameworks";
				PRODUCT_BUNDLE_IDENTIFIER = "com.qwkj.EstateService.Swizzle----UITests";
				PRODUCT_NAME = "$(TARGET_NAME)";
				TEST_TARGET_NAME = "Swizzle方法实现";
			};
			name = Release;
		};
/* End XCBuildConfiguration section */

/* Begin XCConfigurationList section */
		7E247BBB1ED7AF89006DDE94 /* Build configuration list for PBXProject "Swizzle方法实现" */ = {
			isa = XCConfigurationList;
			buildConfigurations = (
				7E247BEB1ED7AF89006DDE94 /* Debug */,
				7E247BEC1ED7AF89006DDE94 /* Release */,
			);
			defaultConfigurationIsVisible = 0;
			defaultConfigurationName = Release;
		};
		7E247BED1ED7AF89006DDE94 /* Build configuration list for PBXNativeTarget "Swizzle方法实现" */ = {
			isa = XCConfigurationList;
			buildConfigurations = (
				7E247BEE1ED7AF89006DDE94 /* Debug */,
				7E247BEF1ED7AF89006DDE94 /* Release */,
			);
			defaultConfigurationIsVisible = 0;
		};
		7E247BF01ED7AF89006DDE94 /* Build configuration list for PBXNativeTarget "Swizzle方法实现Tests" */ = {
			isa = XCConfigurationList;
			buildConfigurations = (
				7E247BF11ED7AF89006DDE94 /* Debug */,
				7E247BF21ED7AF89006DDE94 /* Release */,
			);
			defaultConfigurationIsVisible = 0;
		};
		7E247BF31ED7AF89006DDE94 /* Build configuration list for PBXNativeTarget "Swizzle方法实现UITests" */ = {
			isa = XCConfigurationList;
			buildConfigurations = (
				7E247BF41ED7AF89006DDE94 /* Debug */,
				7E247BF51ED7AF89006DDE94 /* Release */,
			);
			defaultConfigurationIsVisible = 0;
		};
/* End XCConfigurationList section */
	};
	rootObject = 7E247BB81ED7AF89006DDE94 /* Project object */;
}
