// !$*UTF8*$!
{
	archiveVersion = 1;
	classes = {
	};
	objectVersion = 46;
	objects = {

/* Begin PBXBuildFile section */
		7E0865951EE63776005FA19F /* main.m in Sources */ = {isa = PBXBuildFile; fileRef = 7E0865941EE63776005FA19F /* main.m */; };
		7E0865981EE63776005FA19F /* AppDelegate.m in Sources */ = {isa = PBXBuildFile; fileRef = 7E0865971EE63776005FA19F /* AppDelegate.m */; };
		7E08659B1EE63776005FA19F /* ViewController.m in Sources */ = {isa = PBXBuildFile; fileRef = 7E08659A1EE63776005FA19F /* ViewController.m */; };
		7E08659E1EE63776005FA19F /* Main.storyboard in Resources */ = {isa = PBXBuildFile; fileRef = 7E08659C1EE63776005FA19F /* Main.storyboard */; };
		7E0865A01EE63776005FA19F /* Assets.xcassets in Resources */ = {isa = PBXBuildFile; fileRef = 7E08659F1EE63776005FA19F /* Assets.xcassets */; };
		7E0865A31EE63776005FA19F /* LaunchScreen.storyboard in Resources */ = {isa = PBXBuildFile; fileRef = 7E0865A11EE63776005FA19F /* LaunchScreen.storyboard */; };
		7E0865AE1EE63776005FA19F /* ClassAddMethod____Tests.m in Sources */ = {isa = PBXBuildFile; fileRef = 7E0865AD1EE63776005FA19F /* ClassAddMethod____Tests.m */; };
		7E0865B91EE63776005FA19F /* ClassAddMethod____UITests.m in Sources */ = {isa = PBXBuildFile; fileRef = 7E0865B81EE63776005FA19F /* ClassAddMethod____UITests.m */; };
/* End PBXBuildFile section */

/* Begin PBXContainerItemProxy section */
		7E0865AA1EE63776005FA19F /* PBXContainerItemProxy */ = {
			isa = PBXContainerItemProxy;
			containerPortal = 7E0865881EE63776005FA19F /* Project object */;
			proxyType = 1;
			remoteGlobalIDString = 7E08658F1EE63776005FA19F;
			remoteInfo = "ClassAddMethod方法学习";
		};
		7E0865B51EE63776005FA19F /* PBXContainerItemProxy */ = {
			isa = PBXContainerItemProxy;
			containerPortal = 7E0865881EE63776005FA19F /* Project object */;
			proxyType = 1;
			remoteGlobalIDString = 7E08658F1EE63776005FA19F;
			remoteInfo = "ClassAddMethod方法学习";
		};
/* End PBXContainerItemProxy section */

/* Begin PBXFileReference section */
		7E0865901EE63776005FA19F /* ClassAddMethod方法学习.app */ = {isa = PBXFileReference; explicitFileType = wrapper.application; includeInIndex = 0; path = "ClassAddMethod方法学习.app"; sourceTree = BUILT_PRODUCTS_DIR; };
		7E0865941EE63776005FA19F /* main.m */ = {isa = PBXFileReference; lastKnownFileType = sourcecode.c.objc; path = main.m; sourceTree = "<group>"; };
		7E0865961EE63776005FA19F /* AppDelegate.h */ = {isa = PBXFileReference; lastKnownFileType = sourcecode.c.h; path = AppDelegate.h; sourceTree = "<group>"; };
		7E0865971EE63776005FA19F /* AppDelegate.m */ = {isa = PBXFileReference; lastKnownFileType = sourcecode.c.objc; path = AppDelegate.m; sourceTree = "<group>"; };
		7E0865991EE63776005FA19F /* ViewController.h */ = {isa = PBXFileReference; lastKnownFileType = sourcecode.c.h; path = ViewController.h; sourceTree = "<group>"; };
		7E08659A1EE63776005FA19F /* ViewController.m */ = {isa = PBXFileReference; lastKnownFileType = sourcecode.c.objc; path = ViewController.m; sourceTree = "<group>"; };
		7E08659D1EE63776005FA19F /* Base */ = {isa = PBXFileReference; lastKnownFileType = file.storyboard; name = Base; path = Base.lproj/Main.storyboard; sourceTree = "<group>"; };
		7E08659F1EE63776005FA19F /* Assets.xcassets */ = {isa = PBXFileReference; lastKnownFileType = folder.assetcatalog; path = Assets.xcassets; sourceTree = "<group>"; };
		7E0865A21EE63776005FA19F /* Base */ = {isa = PBXFileReference; lastKnownFileType = file.storyboard; name = Base; path = Base.lproj/LaunchScreen.storyboard; sourceTree = "<group>"; };
		7E0865A41EE63776005FA19F /* Info.plist */ = {isa = PBXFileReference; lastKnownFileType = text.plist.xml; path = Info.plist; sourceTree = "<group>"; };
		7E0865A91EE63776005FA19F /* ClassAddMethod方法学习Tests.xctest */ = {isa = PBXFileReference; explicitFileType = wrapper.cfbundle; includeInIndex = 0; path = "ClassAddMethod方法学习Tests.xctest"; sourceTree = BUILT_PRODUCTS_DIR; };
		7E0865AD1EE63776005FA19F /* ClassAddMethod____Tests.m */ = {isa = PBXFileReference; lastKnownFileType = sourcecode.c.objc; path = "ClassAddMethod____Tests.m"; sourceTree = "<group>"; };
		7E0865AF1EE63776005FA19F /* Info.plist */ = {isa = PBXFileReference; lastKnownFileType = text.plist.xml; path = Info.plist; sourceTree = "<group>"; };
		7E0865B41EE63776005FA19F /* ClassAddMethod方法学习UITests.xctest */ = {isa = PBXFileReference; explicitFileType = wrapper.cfbundle; includeInIndex = 0; path = "ClassAddMethod方法学习UITests.xctest"; sourceTree = BUILT_PRODUCTS_DIR; };
		7E0865B81EE63776005FA19F /* ClassAddMethod____UITests.m */ = {isa = PBXFileReference; lastKnownFileType = sourcecode.c.objc; path = "ClassAddMethod____UITests.m"; sourceTree = "<group>"; };
		7E0865BA1EE63776005FA19F /* Info.plist */ = {isa = PBXFileReference; lastKnownFileType = text.plist.xml; path = Info.plist; sourceTree = "<group>"; };
/* End PBXFileReference section */

/* Begin PBXFrameworksBuildPhase section */
		7E08658D1EE63776005FA19F /* Frameworks */ = {
			isa = PBXFrameworksBuildPhase;
			buildActionMask = 2147483647;
			files = (
			);
			runOnlyForDeploymentPostprocessing = 0;
		};
		7E0865A61EE63776005FA19F /* Frameworks */ = {
			isa = PBXFrameworksBuildPhase;
			buildActionMask = 2147483647;
			files = (
			);
			runOnlyForDeploymentPostprocessing = 0;
		};
		7E0865B11EE63776005FA19F /* Frameworks */ = {
			isa = PBXFrameworksBuildPhase;
			buildActionMask = 2147483647;
			files = (
			);
			runOnlyForDeploymentPostprocessing = 0;
		};
/* End PBXFrameworksBuildPhase section */

/* Begin PBXGroup section */
		7E0865871EE63776005FA19F = {
			isa = PBXGroup;
			children = (
				7E0865921EE63776005FA19F /* ClassAddMethod方法学习 */,
				7E0865AC1EE63776005FA19F /* ClassAddMethod方法学习Tests */,
				7E0865B71EE63776005FA19F /* ClassAddMethod方法学习UITests */,
				7E0865911EE63776005FA19F /* Products */,
			);
			sourceTree = "<group>";
		};
		7E0865911EE63776005FA19F /* Products */ = {
			isa = PBXGroup;
			children = (
				7E0865901EE63776005FA19F /* ClassAddMethod方法学习.app */,
				7E0865A91EE63776005FA19F /* ClassAddMethod方法学习Tests.xctest */,
				7E0865B41EE63776005FA19F /* ClassAddMethod方法学习UITests.xctest */,
			);
			name = Products;
			sourceTree = "<group>";
		};
		7E0865921EE63776005FA19F /* ClassAddMethod方法学习 */ = {
			isa = PBXGroup;
			children = (
				7E0865961EE63776005FA19F /* AppDelegate.h */,
				7E0865971EE63776005FA19F /* AppDelegate.m */,
				7E0865991EE63776005FA19F /* ViewController.h */,
				7E08659A1EE63776005FA19F /* ViewController.m */,
				7E08659C1EE63776005FA19F /* Main.storyboard */,
				7E08659F1EE63776005FA19F /* Assets.xcassets */,
				7E0865A11EE63776005FA19F /* LaunchScreen.storyboard */,
				7E0865A41EE63776005FA19F /* Info.plist */,
				7E0865931EE63776005FA19F /* Supporting Files */,
			);
			path = "ClassAddMethod方法学习";
			sourceTree = "<group>";
		};
		7E0865931EE63776005FA19F /* Supporting Files */ = {
			isa = PBXGroup;
			children = (
				7E0865941EE63776005FA19F /* main.m */,
			);
			name = "Supporting Files";
			sourceTree = "<group>";
		};
		7E0865AC1EE63776005FA19F /* ClassAddMethod方法学习Tests */ = {
			isa = PBXGroup;
			children = (
				7E0865AD1EE63776005FA19F /* ClassAddMethod____Tests.m */,
				7E0865AF1EE63776005FA19F /* Info.plist */,
			);
			path = "ClassAddMethod方法学习Tests";
			sourceTree = "<group>";
		};
		7E0865B71EE63776005FA19F /* ClassAddMethod方法学习UITests */ = {
			isa = PBXGroup;
			children = (
				7E0865B81EE63776005FA19F /* ClassAddMethod____UITests.m */,
				7E0865BA1EE63776005FA19F /* Info.plist */,
			);
			path = "ClassAddMethod方法学习UITests";
			sourceTree = "<group>";
		};
/* End PBXGroup section */

/* Begin PBXNativeTarget section */
		7E08658F1EE63776005FA19F /* ClassAddMethod方法学习 */ = {
			isa = PBXNativeTarget;
			buildConfigurationList = 7E0865BD1EE63776005FA19F /* Build configuration list for PBXNativeTarget "ClassAddMethod方法学习" */;
			buildPhases = (
				7E08658C1EE63776005FA19F /* Sources */,
				7E08658D1EE63776005FA19F /* Frameworks */,
				7E08658E1EE63776005FA19F /* Resources */,
			);
			buildRules = (
			);
			dependencies = (
			);
			name = "ClassAddMethod方法学习";
			productName = "ClassAddMethod方法学习";
			productReference = 7E0865901EE63776005FA19F /* ClassAddMethod方法学习.app */;
			productType = "com.apple.product-type.application";
		};
		7E0865A81EE63776005FA19F /* ClassAddMethod方法学习Tests */ = {
			isa = PBXNativeTarget;
			buildConfigurationList = 7E0865C01EE63776005FA19F /* Build configuration list for PBXNativeTarget "ClassAddMethod方法学习Tests" */;
			buildPhases = (
				7E0865A51EE63776005FA19F /* Sources */,
				7E0865A61EE63776005FA19F /* Frameworks */,
				7E0865A71EE63776005FA19F /* Resources */,
			);
			buildRules = (
			);
			dependencies = (
				7E0865AB1EE63776005FA19F /* PBXTargetDependency */,
			);
			name = "ClassAddMethod方法学习Tests";
			productName = "ClassAddMethod方法学习Tests";
			productReference = 7E0865A91EE63776005FA19F /* ClassAddMethod方法学习Tests.xctest */;
			productType = "com.apple.product-type.bundle.unit-test";
		};
		7E0865B31EE63776005FA19F /* ClassAddMethod方法学习UITests */ = {
			isa = PBXNativeTarget;
			buildConfigurationList = 7E0865C31EE63776005FA19F /* Build configuration list for PBXNativeTarget "ClassAddMethod方法学习UITests" */;
			buildPhases = (
				7E0865B01EE63776005FA19F /* Sources */,
				7E0865B11EE63776005FA19F /* Frameworks */,
				7E0865B21EE63776005FA19F /* Resources */,
			);
			buildRules = (
			);
			dependencies = (
				7E0865B61EE63776005FA19F /* PBXTargetDependency */,
			);
			name = "ClassAddMethod方法学习UITests";
			productName = "ClassAddMethod方法学习UITests";
			productReference = 7E0865B41EE63776005FA19F /* ClassAddMethod方法学习UITests.xctest */;
			productType = "com.apple.product-type.bundle.ui-testing";
		};
/* End PBXNativeTarget section */

/* Begin PBXProject section */
		7E0865881EE63776005FA19F /* Project object */ = {
			isa = PBXProject;
			attributes = {
				LastUpgradeCheck = 0830;
				ORGANIZATIONNAME = qwkj;
				TargetAttributes = {
					7E08658F1EE63776005FA19F = {
						CreatedOnToolsVersion = 8.3.2;
						DevelopmentTeam = DXY592L98C;
						ProvisioningStyle = Automatic;
					};
					7E0865A81EE63776005FA19F = {
						CreatedOnToolsVersion = 8.3.2;
						DevelopmentTeam = DXY592L98C;
						ProvisioningStyle = Automatic;
						TestTargetID = 7E08658F1EE63776005FA19F;
					};
					7E0865B31EE63776005FA19F = {
						CreatedOnToolsVersion = 8.3.2;
						DevelopmentTeam = DXY592L98C;
						ProvisioningStyle = Automatic;
						TestTargetID = 7E08658F1EE63776005FA19F;
					};
				};
			};
			buildConfigurationList = 7E08658B1EE63776005FA19F /* Build configuration list for PBXProject "ClassAddMethod方法学习" */;
			compatibilityVersion = "Xcode 3.2";
			developmentRegion = English;
			hasScannedForEncodings = 0;
			knownRegions = (
				en,
				Base,
			);
			mainGroup = 7E0865871EE63776005FA19F;
			productRefGroup = 7E0865911EE63776005FA19F /* Products */;
			projectDirPath = "";
			projectRoot = "";
			targets = (
				7E08658F1EE63776005FA19F /* ClassAddMethod方法学习 */,
				7E0865A81EE63776005FA19F /* ClassAddMethod方法学习Tests */,
				7E0865B31EE63776005FA19F /* ClassAddMethod方法学习UITests */,
			);
		};
/* End PBXProject section */

/* Begin PBXResourcesBuildPhase section */
		7E08658E1EE63776005FA19F /* Resources */ = {
			isa = PBXResourcesBuildPhase;
			buildActionMask = 2147483647;
			files = (
				7E0865A31EE63776005FA19F /* LaunchScreen.storyboard in Resources */,
				7E0865A01EE63776005FA19F /* Assets.xcassets in Resources */,
				7E08659E1EE63776005FA19F /* Main.storyboard in Resources */,
			);
			runOnlyForDeploymentPostprocessing = 0;
		};
		7E0865A71EE63776005FA19F /* Resources */ = {
			isa = PBXResourcesBuildPhase;
			buildActionMask = 2147483647;
			files = (
			);
			runOnlyForDeploymentPostprocessing = 0;
		};
		7E0865B21EE63776005FA19F /* Resources */ = {
			isa = PBXResourcesBuildPhase;
			buildActionMask = 2147483647;
			files = (
			);
			runOnlyForDeploymentPostprocessing = 0;
		};
/* End PBXResourcesBuildPhase section */

/* Begin PBXSourcesBuildPhase section */
		7E08658C1EE63776005FA19F /* Sources */ = {
			isa = PBXSourcesBuildPhase;
			buildActionMask = 2147483647;
			files = (
				7E08659B1EE63776005FA19F /* ViewController.m in Sources */,
				7E0865981EE63776005FA19F /* AppDelegate.m in Sources */,
				7E0865951EE63776005FA19F /* main.m in Sources */,
			);
			runOnlyForDeploymentPostprocessing = 0;
		};
		7E0865A51EE63776005FA19F /* Sources */ = {
			isa = PBXSourcesBuildPhase;
			buildActionMask = 2147483647;
			files = (
				7E0865AE1EE63776005FA19F /* ClassAddMethod____Tests.m in Sources */,
			);
			runOnlyForDeploymentPostprocessing = 0;
		};
		7E0865B01EE63776005FA19F /* Sources */ = {
			isa = PBXSourcesBuildPhase;
			buildActionMask = 2147483647;
			files = (
				7E0865B91EE63776005FA19F /* ClassAddMethod____UITests.m in Sources */,
			);
			runOnlyForDeploymentPostprocessing = 0;
		};
/* End PBXSourcesBuildPhase section */

/* Begin PBXTargetDependency section */
		7E0865AB1EE63776005FA19F /* PBXTargetDependency */ = {
			isa = PBXTargetDependency;
			target = 7E08658F1EE63776005FA19F /* ClassAddMethod方法学习 */;
			targetProxy = 7E0865AA1EE63776005FA19F /* PBXContainerItemProxy */;
		};
		7E0865B61EE63776005FA19F /* PBXTargetDependency */ = {
			isa = PBXTargetDependency;
			target = 7E08658F1EE63776005FA19F /* ClassAddMethod方法学习 */;
			targetProxy = 7E0865B51EE63776005FA19F /* PBXContainerItemProxy */;
		};
/* End PBXTargetDependency section */

/* Begin PBXVariantGroup section */
		7E08659C1EE63776005FA19F /* Main.storyboard */ = {
			isa = PBXVariantGroup;
			children = (
				7E08659D1EE63776005FA19F /* Base */,
			);
			name = Main.storyboard;
			sourceTree = "<group>";
		};
		7E0865A11EE63776005FA19F /* LaunchScreen.storyboard */ = {
			isa = PBXVariantGroup;
			children = (
				7E0865A21EE63776005FA19F /* Base */,
			);
			name = LaunchScreen.storyboard;
			sourceTree = "<group>";
		};
/* End PBXVariantGroup section */

/* Begin XCBuildConfiguration section */
		7E0865BB1EE63776005FA19F /* Debug */ = {
			isa = XCBuildConfiguration;
			buildSettings = {
				ALWAYS_SEARCH_USER_PATHS = NO;
				CLANG_ANALYZER_NONNULL = YES;
				CLANG_ANALYZER_NUMBER_OBJECT_CONVERSION = YES_AGGRESSIVE;
				CLANG_CXX_LANGUAGE_STANDARD = "gnu++0x";
				CLANG_CXX_LIBRARY = "libc++";
				CLANG_ENABLE_MODULES = YES;
				CLANG_ENABLE_OBJC_ARC = YES;
				CLANG_WARN_BOOL_CONVERSION = YES;
				CLANG_WARN_CONSTANT_CONVERSION = YES;
				CLANG_WARN_DIRECT_OBJC_ISA_USAGE = YES_ERROR;
				CLANG_WARN_DOCUMENTATION_COMMENTS = YES;
				CLANG_WARN_EMPTY_BODY = YES;
				CLANG_WARN_ENUM_CONVERSION = YES;
				CLANG_WARN_INFINITE_RECURSION = YES;
				CLANG_WARN_INT_CONVERSION = YES;
				CLANG_WARN_OBJC_ROOT_CLASS = YES_ERROR;
				CLANG_WARN_SUSPICIOUS_MOVE = YES;
				CLANG_WARN_UNREACHABLE_CODE = YES;
				CLANG_WARN__DUPLICATE_METHOD_MATCH = YES;
				"CODE_SIGN_IDENTITY[sdk=iphoneos*]" = "iPhone Developer";
				COPY_PHASE_STRIP = NO;
				DEBUG_INFORMATION_FORMAT = dwarf;
				ENABLE_STRICT_OBJC_MSGSEND = YES;
				ENABLE_TESTABILITY = YES;
				GCC_C_LANGUAGE_STANDARD = gnu99;
				GCC_DYNAMIC_NO_PIC = NO;
				GCC_NO_COMMON_BLOCKS = YES;
				GCC_OPTIMIZATION_LEVEL = 0;
				GCC_PREPROCESSOR_DEFINITIONS = (
					"DEBUG=1",
					"$(inherited)",
				);
				GCC_WARN_64_TO_32_BIT_CONVERSION = YES;
				GCC_WARN_ABOUT_RETURN_TYPE = YES_ERROR;
				GCC_WARN_UNDECLARED_SELECTOR = YES;
				GCC_WARN_UNINITIALIZED_AUTOS = YES_AGGRESSIVE;
				GCC_WARN_UNUSED_FUNCTION = YES;
				GCC_WARN_UNUSED_VARIABLE = YES;
				IPHONEOS_DEPLOYMENT_TARGET = 10.3;
				MTL_ENABLE_DEBUG_INFO = YES;
				ONLY_ACTIVE_ARCH = YES;
				SDKROOT = iphoneos;
				TARGETED_DEVICE_FAMILY = "1,2";
			};
			name = Debug;
		};
		7E0865BC1EE63776005FA19F /* Release */ = {
			isa = XCBuildConfiguration;
			buildSettings = {
				ALWAYS_SEARCH_USER_PATHS = NO;
				CLANG_ANALYZER_NONNULL = YES;
				CLANG_ANALYZER_NUMBER_OBJECT_CONVERSION = YES_AGGRESSIVE;
				CLANG_CXX_LANGUAGE_STANDARD = "gnu++0x";
				CLANG_CXX_LIBRARY = "libc++";
				CLANG_ENABLE_MODULES = YES;
				CLANG_ENABLE_OBJC_ARC = YES;
				CLANG_WARN_BOOL_CONVERSION = YES;
				CLANG_WARN_CONSTANT_CONVERSION = YES;
				CLANG_WARN_DIRECT_OBJC_ISA_USAGE = YES_ERROR;
				CLANG_WARN_DOCUMENTATION_COMMENTS = YES;
				CLANG_WARN_EMPTY_BODY = YES;
				CLANG_WARN_ENUM_CONVERSION = YES;
				CLANG_WARN_INFINITE_RECURSION = YES;
				CLANG_WARN_INT_CONVERSION = YES;
				CLANG_WARN_OBJC_ROOT_CLASS = YES_ERROR;
				CLANG_WARN_SUSPICIOUS_MOVE = YES;
				CLANG_WARN_UNREACHABLE_CODE = YES;
				CLANG_WARN__DUPLICATE_METHOD_MATCH = YES;
				"CODE_SIGN_IDENTITY[sdk=iphoneos*]" = "iPhone Developer";
				COPY_PHASE_STRIP = NO;
				DEBUG_INFORMATION_FORMAT = "dwarf-with-dsym";
				ENABLE_NS_ASSERTIONS = NO;
				ENABLE_STRICT_OBJC_MSGSEND = YES;
				GCC_C_LANGUAGE_STANDARD = gnu99;
				GCC_NO_COMMON_BLOCKS = YES;
				GCC_WARN_64_TO_32_BIT_CONVERSION = YES;
				GCC_WARN_ABOUT_RETURN_TYPE = YES_ERROR;
				GCC_WARN_UNDECLARED_SELECTOR = YES;
				GCC_WARN_UNINITIALIZED_AUTOS = YES_AGGRESSIVE;
				GCC_WARN_UNUSED_FUNCTION = YES;
				GCC_WARN_UNUSED_VARIABLE = YES;
				IPHONEOS_DEPLOYMENT_TARGET = 10.3;
				MTL_ENABLE_DEBUG_INFO = NO;
				SDKROOT = iphoneos;
				TARGETED_DEVICE_FAMILY = "1,2";
				VALIDATE_PRODUCT = YES;
			};
			name = Release;
		};
		7E0865BE1EE63776005FA19F /* Debug */ = {
			isa = XCBuildConfiguration;
			buildSettings = {
				ASSETCATALOG_COMPILER_APPICON_NAME = AppIcon;
				DEVELOPMENT_TEAM = DXY592L98C;
				INFOPLIST_FILE = "ClassAddMethod方法学习/Info.plist";
				IPHONEOS_DEPLOYMENT_TARGET = 10.0;
				LD_RUNPATH_SEARCH_PATHS = "$(inherited) @executable_path/Frameworks";
				PRODUCT_BUNDLE_IDENTIFIER = "com.qwkj.EstateService.ClassAddMethod----";
				PRODUCT_NAME = "$(TARGET_NAME)";
			};
			name = Debug;
		};
		7E0865BF1EE63776005FA19F /* Release */ = {
			isa = XCBuildConfiguration;
			buildSettings = {
				ASSETCATALOG_COMPILER_APPICON_NAME = AppIcon;
				DEVELOPMENT_TEAM = DXY592L98C;
				INFOPLIST_FILE = "ClassAddMethod方法学习/Info.plist";
				IPHONEOS_DEPLOYMENT_TARGET = 10.0;
				LD_RUNPATH_SEARCH_PATHS = "$(inherited) @executable_path/Frameworks";
				PRODUCT_BUNDLE_IDENTIFIER = "com.qwkj.EstateService.ClassAddMethod----";
				PRODUCT_NAME = "$(TARGET_NAME)";
			};
			name = Release;
		};
		7E0865C11EE63776005FA19F /* Debug */ = {
			isa = XCBuildConfiguration;
			buildSettings = {
				BUNDLE_LOADER = "$(TEST_HOST)";
				DEVELOPMENT_TEAM = DXY592L98C;
				INFOPLIST_FILE = "ClassAddMethod方法学习Tests/Info.plist";
				LD_RUNPATH_SEARCH_PATHS = "$(inherited) @executable_path/Frameworks @loader_path/Frameworks";
				PRODUCT_BUNDLE_IDENTIFIER = "com.qwkj.EstateService.ClassAddMethod----Tests";
				PRODUCT_NAME = "$(TARGET_NAME)";
				TEST_HOST = "$(BUILT_PRODUCTS_DIR)/ClassAddMethod方法学习.app/ClassAddMethod方法学习";
			};
			name = Debug;
		};
		7E0865C21EE63776005FA19F /* Release */ = {
			isa = XCBuildConfiguration;
			buildSettings = {
				BUNDLE_LOADER = "$(TEST_HOST)";
				DEVELOPMENT_TEAM = DXY592L98C;
				INFOPLIST_FILE = "ClassAddMethod方法学习Tests/Info.plist";
				LD_RUNPATH_SEARCH_PATHS = "$(inherited) @executable_path/Frameworks @loader_path/Frameworks";
				PRODUCT_BUNDLE_IDENTIFIER = "com.qwkj.EstateService.ClassAddMethod----Tests";
				PRODUCT_NAME = "$(TARGET_NAME)";
				TEST_HOST = "$(BUILT_PRODUCTS_DIR)/ClassAddMethod方法学习.app/ClassAddMethod方法学习";
			};
			name = Release;
		};
		7E0865C41EE63776005FA19F /* Debug */ = {
			isa = XCBuildConfiguration;
			buildSettings = {
				DEVELOPMENT_TEAM = DXY592L98C;
				INFOPLIST_FILE = "ClassAddMethod方法学习UITests/Info.plist";
				LD_RUNPATH_SEARCH_PATHS = "$(inherited) @executable_path/Frameworks @loader_path/Frameworks";
				PRODUCT_BUNDLE_IDENTIFIER = "com.qwkj.EstateService.ClassAddMethod----UITests";
				PRODUCT_NAME = "$(TARGET_NAME)";
				TEST_TARGET_NAME = "ClassAddMethod方法学习";
			};
			name = Debug;
		};
		7E0865C51EE63776005FA19F /* Release */ = {
			isa = XCBuildConfiguration;
			buildSettings = {
				DEVELOPMENT_TEAM = DXY592L98C;
				INFOPLIST_FILE = "ClassAddMethod方法学习UITests/Info.plist";
				LD_RUNPATH_SEARCH_PATHS = "$(inherited) @executable_path/Frameworks @loader_path/Frameworks";
				PRODUCT_BUNDLE_IDENTIFIER = "com.qwkj.EstateService.ClassAddMethod----UITests";
				PRODUCT_NAME = "$(TARGET_NAME)";
				TEST_TARGET_NAME = "ClassAddMethod方法学习";
			};
			name = Release;
		};
/* End XCBuildConfiguration section */

/* Begin XCConfigurationList section */
		7E08658B1EE63776005FA19F /* Build configuration list for PBXProject "ClassAddMethod方法学习" */ = {
			isa = XCConfigurationList;
			buildConfigurations = (
				7E0865BB1EE63776005FA19F /* Debug */,
				7E0865BC1EE63776005FA19F /* Release */,
			);
			defaultConfigurationIsVisible = 0;
			defaultConfigurationName = Release;
		};
		7E0865BD1EE63776005FA19F /* Build configuration list for PBXNativeTarget "ClassAddMethod方法学习" */ = {
			isa = XCConfigurationList;
			buildConfigurations = (
				7E0865BE1EE63776005FA19F /* Debug */,
				7E0865BF1EE63776005FA19F /* Release */,
			);
			defaultConfigurationIsVisible = 0;
		};
		7E0865C01EE63776005FA19F /* Build configuration list for PBXNativeTarget "ClassAddMethod方法学习Tests" */ = {
			isa = XCConfigurationList;
			buildConfigurations = (
				7E0865C11EE63776005FA19F /* Debug */,
				7E0865C21EE63776005FA19F /* Release */,
			);
			defaultConfigurationIsVisible = 0;
		};
		7E0865C31EE63776005FA19F /* Build configuration list for PBXNativeTarget "ClassAddMethod方法学习UITests" */ = {
			isa = XCConfigurationList;
			buildConfigurations = (
				7E0865C41EE63776005FA19F /* Debug */,
				7E0865C51EE63776005FA19F /* Release */,
			);
			defaultConfigurationIsVisible = 0;
		};
/* End XCConfigurationList section */
	};
	rootObject = 7E0865881EE63776005FA19F /* Project object */;
}
